
Microsoft Visual Studio Solution File, Format Version 12.00
# Visual Studio Version 16
VisualStudioVersion = 16.0.29306.81
MinimumVisualStudioVersion = 10.0.40219.1
Project("{FAE04EC0-301F-11D3-BF4B-00C04F79EFBC}") = "WorkshopLSLTests.Domain", "WorkshopLSLTests.Domain\WorkshopLSLTests.Domain.csproj", "{FF1C6183-E8EF-47C1-8A8D-5DBBFF87CD90}"
EndProject
Project("{FAE04EC0-301F-11D3-BF4B-00C04F79EFBC}") = "WorkshopLSLTests.WebApp", "WorkshopLSLTests.WebApp\WorkshopLSLTests.WebApp.csproj", "{4CB03173-29BE-4DF1-B4B8-189934855CA6}"
EndProject
Project("{FAE04EC0-301F-11D3-BF4B-00C04F79EFBC}") = "WorkshopLSLTests.IntegrationTest", "WorkshopLSLTests.IntegrationTest\WorkshopLSLTests.IntegrationTest.csproj", "{88698D6D-E705-471B-9E2E-457CCEB76D16}"
EndProject
Project("{FAE04EC0-301F-11D3-BF4B-00C04F79EFBC}") = "WorkshopLSLTests.IntegrationsTest", "WorkshopLSLTests.IntegrationsTest\WorkshopLSLTests.IntegrationsTest.csproj", "{C61A853F-5D7C-47DD-983B-36FA457FF83D}"
EndProject
Project("{FAE04EC0-301F-11D3-BF4B-00C04F79EFBC}") = "WorkshopLSLTests.UnitTest", "WorkshopLSLTests.UnitTest\WorkshopLSLTests.UnitTest.csproj", "{0A47599D-969E-4CEB-9FDB-48C8ED0AACEB}"
EndProject
Global
	GlobalSection(SolutionConfigurationPlatforms) = preSolution
		Debug|Any CPU = Debug|Any CPU
		Release|Any CPU = Release|Any CPU
	EndGlobalSection
	GlobalSection(ProjectConfigurationPlatforms) = postSolution
		{FF1C6183-E8EF-47C1-8A8D-5DBBFF87CD90}.Debug|Any CPU.ActiveCfg = Debug|Any CPU
		{FF1C6183-E8EF-47C1-8A8D-5DBBFF87CD90}.Debug|Any CPU.Build.0 = Debug|Any CPU
		{FF1C6183-E8EF-47C1-8A8D-5DBBFF87CD90}.Release|Any CPU.ActiveCfg = Release|Any CPU
		{FF1C6183-E8EF-47C1-8A8D-5DBBFF87CD90}.Release|Any CPU.Build.0 = Release|Any CPU
		{4CB03173-29BE-4DF1-B4B8-189934855CA6}.Debug|Any CPU.ActiveCfg = Debug|Any CPU
		{4CB03173-29BE-4DF1-B4B8-189934855CA6}.Debug|Any CPU.Build.0 = Debug|Any CPU
		{4CB03173-29BE-4DF1-B4B8-189934855CA6}.Release|Any CPU.ActiveCfg = Release|Any CPU
		{4CB03173-29BE-4DF1-B4B8-189934855CA6}.Release|Any CPU.Build.0 = Release|Any CPU
		{88698D6D-E705-471B-9E2E-457CCEB76D16}.Debug|Any CPU.ActiveCfg = Debug|Any CPU
		{88698D6D-E705-471B-9E2E-457CCEB76D16}.Debug|Any CPU.Build.0 = Debug|Any CPU
		{88698D6D-E705-471B-9E2E-457CCEB76D16}.Release|Any CPU.ActiveCfg = Release|Any CPU
		{88698D6D-E705-471B-9E2E-457CCEB76D16}.Release|Any CPU.Build.0 = Release|Any CPU
		{C61A853F-5D7C-47DD-983B-36FA457FF83D}.Debug|Any CPU.ActiveCfg = Debug|Any CPU
		{C61A853F-5D7C-47DD-983B-36FA457FF83D}.Debug|Any CPU.Build.0 = Debug|Any CPU
		{C61A853F-5D7C-47DD-983B-36FA457FF83D}.Release|Any CPU.ActiveCfg = Release|Any CPU
		{C61A853F-5D7C-47DD-983B-36FA457FF83D}.Release|Any CPU.Build.0 = Release|Any CPU
		{0A47599D-969E-4CEB-9FDB-48C8ED0AACEB}.Debug|Any CPU.ActiveCfg = Debug|Any CPU
		{0A47599D-969E-4CEB-9FDB-48C8ED0AACEB}.Debug|Any CPU.Build.0 = Debug|Any CPU
		{0A47599D-969E-4CEB-9FDB-48C8ED0AACEB}.Release|Any CPU.ActiveCfg = Release|Any CPU
		{0A47599D-969E-4CEB-9FDB-48C8ED0AACEB}.Release|Any CPU.Build.0 = Release|Any CPU
	EndGlobalSection
	GlobalSection(SolutionProperties) = preSolution
		HideSolutionNode = FALSE
	EndGlobalSection
	GlobalSection(ExtensibilityGlobals) = postSolution
		SolutionGuid = {6EC325F1-27B0-466B-86D3-DB502A4A69BA}
	EndGlobalSection
EndGlobal
